# THIS IS AN AUTOGENERATED FILE. DO NOT EDIT THIS FILE DIRECTLY.
# yarn lockfile v1


emailjs-com@^2.6.4:
  version "2.6.4"
  resolved "https://registry.yarnpkg.com/emailjs-com/-/emailjs-com-2.6.4.tgz#c3bac8f7ee58d536ab34923e73013ad39f299f46"
  integrity sha512-4G8rxq+1mbL4rGntMa9tqNJ4N9BhuCl8lFJASDHxZVXeC82ivwL6qw+Zu48cAWHpNK2/F3vScaAZk8zoTAfiAA==
